# This file is automatically @generated by Cargo.
# It is not intended for manual editing.
version = 3

[[package]]
name = "ash"
version = "0.1.0"
dependencies = [
 "ash-codegen",
 "ash-hir",
 "ash-interp",
 "ash-lexer",
 "ash-parser",
 "ash-stdlib",
 "ash-typeck",
]

[[package]]
name = "ash-codegen"
version = "0.1.0"
dependencies = [
 "ash-hir",
 "ash-lexer",
 "ash-parser",
 "ash-stdlib",
 "ash-typeck",
]

[[package]]
name = "ash-hir"
version = "0.1.0"
dependencies = [
 "ash-lexer",
 "ash-parser",
]

[[package]]
name = "ash-interp"
version = "0.1.0"
dependencies = [
 "ash-hir",
 "ash-lexer",
 "ash-parser",
 "ash-stdlib",
 "ash-typeck",
]

[[package]]
name = "ash-lexer"
version = "0.1.0"

[[package]]
name = "ash-parser"
version = "0.1.0"
dependencies = [
 "ash-lexer",
]

[[package]]
name = "ash-stdlib"
version = "0.1.0"

[[package]]
name = "ash-typeck"
version = "0.1.0"
dependencies = [
 "ash-hir",
 "ash-lexer",
 "ash-parser",
]
